{"packages": [{"name": "Bedrooms"}, {"name": "Ceiling Fan"}, {"name": "Clothes Dryer"}, {"name": "Clothes Washer"}, {"name": "Clothes Washer Presence", "require": {"Clothes Washer": 1}}, {"name": "Cooking Range"}, {"name": "Cooling Setpoint"}, {"name": "Cooling Setpoint Has Offset", "require": {"Cooling Setpoint Offset Magnitude": 1, "Cooling Setpoint Offset Period": 1}}, {"name": "Cooling Setpoint Offset Magnitude"}, {"name": "Cooling Setpoint Offset Period"}, {"name": "Corridor"}, {"name": "County"}, {"name": "Dehumidifier"}, {"name": "Dishwasher"}, {"name": "Door Area"}, {"name": "Doors"}, {"name": "Ducts"}, {"name": "Eaves"}, {"name": "Electric Vehicle"}, {"name": "Geometry Attic Type"}, {"name": "Geometry Building Number Units MF"}, {"name": "Geometry Building Number Units SFA"}, {"name": "Geometry Building Type ACS", "require": {"Geometry Building Number Units MF": 1, "Geometry Building Number Units SFA": 1, "Geometry Building Type RECS": 1}}, {"name": "Geometry Building Type RECS", "require": {"Geometry Attic Type": 1, "Geometry Foundation Type": 1, "Geometry Stories": 1, "Geometry Wall Type": 1, "HVAC Has Shared System": 1, "Insulation Finished Roof": 1, "Insulation Unfinished Attic": 1, "Misc Hot Tub Spa": 1, "Misc Pool": 1, "Radiant Barrier": 1, "Roof Material Finished Roof": 1, "Roof Material Unfinished Attic": 1}}, {"name": "Geometry Floor Area"}, {"name": "Geometry Foundation Type", "require": {"Geometry Garage": 1, "Insulation Crawlspace": 1, "Insulation Finished Basement": 1, "Insulation Pier Beam": 1, "Insulation Slab": 1, "Insulation Unfinished Basement": 1}}, {"name": "Geometry Garage"}, {"name": "Geometry Stories", "require": {"Geometry Building Number Units MF": 1, "Geometry Building Number Units SFA": 1}}, {"name": "Geometry Wall Type"}, {"name": "HVAC Cooling Efficiency"}, {"name": "HVAC Cooling Type", "require": {"HVAC Cooling Efficiency": 1, "HVAC Has Shared System": 1}}, {"name": "HVAC Has Ducts"}, {"name": "HVAC Has Shared System", "require": {"HVAC Cooling Efficiency": 1, "HVAC Heating Efficiency": 1, "HVAC Shared Efficiencies": 1}}, {"name": "HVAC Heating Efficiency", "require": {"HVAC Heating Type And Fuel": 1}}, {"name": "HVAC Heating Type", "require": {"HVAC Cooling Type": 1, "HVAC Has Shared System": 1, "HVAC Heating Efficiency": 1}}, {"name": "HVAC Heating Type And Fuel"}, {"name": "HVAC Shared Efficiencies"}, {"name": "Heating Fuel", "require": {"HVAC Heating Efficiency": 1, "HVAC Heating Type And Fuel": 1, "HVAC Shared Efficiencies": 1}}, {"name": "Heating Setpoint"}, {"name": "Heating Setpoint Has Offset", "require": {"Heating Setpoint Offset Magnitude": 1, "Heating Setpoint Offset Period": 1}}, {"name": "Heating Setpoint Offset Magnitude"}, {"name": "Heating Setpoint Offset Period"}, {"name": "Holiday Lighting"}, {"name": "Hot Water Distribution"}, {"name": "Hot Water Fixtures"}, {"name": "Infiltration"}, {"name": "Insulation Crawlspace"}, {"name": "Insulation Finished Basement"}, {"name": "Insulation Finished Roof"}, {"name": "Insulation Interzonal Floor"}, {"name": "Insulation Pier Beam"}, {"name": "Insulation Slab"}, {"name": "Insulation Unfinished Attic"}, {"name": "Insulation Unfinished Basement"}, {"name": "Insulation Wall"}, {"name": "Interior Shading"}, {"name": "Lighting"}, {"name": "Lighting Interior Use"}, {"name": "Lighting Other Use"}, {"name": "Location"}, {"name": "Mechanical Ventilation"}, {"name": "Misc Extra Refrigerator"}, {"name": "Misc Freezer"}, {"name": "Misc Gas Fireplace"}, {"name": "Misc Gas Grill"}, {"name": "Misc Gas Lighting"}, {"name": "Misc Hot Tub Spa"}, {"name": "Misc Pool", "require": {"Misc Pool Heater": 1, "Misc Pool Pump": 1, "Misc Pool Schedule": 1}}, {"name": "Misc Pool Heater"}, {"name": "Misc Pool Pump"}, {"name": "Misc Pool Schedule"}, {"name": "Misc Well Pump"}, {"name": "Natural Ventilation"}, {"name": "Neighbors"}, {"name": "Occupants"}, {"name": "Orientation"}, {"name": "Overhangs"}, {"name": "PV"}, {"name": "Plug Load Diversity"}, {"name": "Plug Loads"}, {"name": "Radiant Barrier"}, {"name": "Range Spot Vent Hour"}, {"name": "Refrigeration Schedule"}, {"name": "Refrigerator"}, {"name": "Roof Material Finished Roof"}, {"name": "Roof Material Unfinished Attic"}, {"name": "Setpoint Demand Response"}, {"name": "Solar Hot Water"}, {"name": "Vacancy Status"}, {"name": "Water Heater Efficiency"}, {"name": "Window Areas"}, {"name": "Windows"}]}