{"packages": [{"name": "Ceiling Fan"}, {"name": "Clothes Dryer"}, {"name": "Clothes Washer"}, {"name": "Cooking Range"}, {"name": "Cooling Setpoint"}, {"name": "Days Shifted"}, {"name": "Dehumidifier"}, {"name": "Dishwasher"}, {"name": "Door Area"}, {"name": "Doors"}, {"name": "Ducts"}, {"name": "Eaves"}, {"name": "Geometry Building Type", "require": {"Geometry Is Multifamily Low Rise": 1}}, {"name": "Geometry Foundation Type", "require": {"Insulation Crawlspace": 1, "Insulation Finished Basement": 1, "Insulation Pier Beam": 1, "Insulation Slab": 1, "Insulation Unfinished Basement": 1}}, {"name": "Geometry Garage", "require": {"Geometry Foundation Type": 1}}, {"name": "Geometry House Size"}, {"name": "Geometry Is Multifamily Low Rise"}, {"name": "Geometry Number Units"}, {"name": "Geometry Shared Walls"}, {"name": "Geometry Stories"}, {"name": "Heating Fuel", "require": {"HVAC System Heating Electricity": 1, "HVAC System Heating Fuel Oil": 1, "HVAC System Heating Natural Gas": 1, "HVAC System Heating Propane": 1, "HVAC System Is Heat Pump": 1}}, {"name": "Heating Setpoint"}, {"name": "Hot Water Distribution"}, {"name": "Hot Water Fixtures"}, {"name": "HVAC System Cooling"}, {"name": "HVAC System Heat Pump"}, {"name": "HVAC System Heating Electricity"}, {"name": "HVAC System Heating Fuel Oil"}, {"name": "HVAC System Heating Natural Gas"}, {"name": "HVAC System Heating Propane"}, {"name": "HVAC System Is Heat Pump", "require": {"HVAC System Cooling": 1, "HVAC System Heat Pump": 1, "HVAC System Heating Electricity": 1, "HVAC System Heating Fuel Oil": 1, "HVAC System Heating Natural Gas": 1, "HVAC System Heating Propane": 1}}, {"name": "Infiltration"}, {"name": "Insulation Crawlspace"}, {"name": "Insulation Finished Basement"}, {"name": "Insulation Finished Roof"}, {"name": "Insulation Interzonal Floor"}, {"name": "Insulation Pier Beam"}, {"name": "Insulation Slab"}, {"name": "Insulation Unfinished Attic"}, {"name": "Insulation Unfinished Basement"}, {"name": "Insulation Wall"}, {"name": "Lighting"}, {"name": "Location Weather Filename"}, {"name": "Location Weather Year", "require": {"Location Weather Filename": 1}}, {"name": "Location", "require": {"Location Weather Filename": 1}}, {"name": "Mechanical Ventilation"}, {"name": "Misc Extra Refrigerator"}, {"name": "Misc Freezer"}, {"name": "Misc Gas Fireplace"}, {"name": "Misc Gas Grill"}, {"name": "Misc Gas Lighting"}, {"name": "Misc Hot Tub Spa"}, {"name": "Misc Pool"}, {"name": "Misc Well Pump"}, {"name": "Natural Ventilation"}, {"name": "Neighbors"}, {"name": "Occupants"}, {"name": "Orientation"}, {"name": "Overhangs"}, {"name": "Plug Loads"}, {"name": "PV"}, {"name": "Range Spot Vent Hour"}, {"name": "Refrigerator"}, {"name": "Roof Material"}, {"name": "Solar Hot Water"}, {"name": "Water Heater"}, {"name": "Window Areas"}, {"name": "Windows"}]}