{"packages": [{"name": "Door Area"}, {"name": "Range Spot Vent Hour"}, {"name": "Eaves"}, {"name": "Lighting Other Use"}, {"name": "Days Shifted"}, {"name": "Plug Loads", "require": {"Plug Loads Schedule": 1}}, {"name": "Corridor"}, {"name": "Insulation Crawlspace"}, {"name": "Cooking Range Schedule"}, {"name": "Ceiling Fan"}, {"name": "Dehumidifier"}, {"name": "HVAC System Shared Propane"}, {"name": "Cooling Setpoint Offset Period"}, {"name": "Hot Water Fixtures"}, {"name": "Infiltration"}, {"name": "Insulation Pier Beam"}, {"name": "Setpoint Demand Response"}, {"name": "HVAC System Heat Pump"}, {"name": "Ducts"}, {"name": "HVAC System Shared Fuel Oil"}, {"name": "Misc Pool Schedule"}, {"name": "Interior Shading"}, {"name": "Bedrooms", "require": {"Occupants": 1}}, {"name": "Heating Setpoint Has Offset", "require": {"Heating Setpoint Offset Period": 1, "Heating Setpoint Offset Magnitude": 1}}, {"name": "Radiant Barrier Unfinished Attic"}, {"name": "Geometry Building Number Units MF"}, {"name": "Geometry Wall Type"}, {"name": "Electric Vehicle"}, {"name": "Geometry Building Number Units SFA"}, {"name": "Lighting Interior Use"}, {"name": "Cooking Range", "require": {"Cooking Range Schedule": 1}}, {"name": "HVAC System Cooling"}, {"name": "Heating Fuel", "require": {"HVAC System Shared Propane": 1, "HVAC System Shared Fuel Oil": 1, "HVAC System Is Heat Pump": 1, "HVAC System Heating Fuel Oil": 1, "HVAC System Shared Natural Gas": 1, "HVAC System Heating Propane": 1, "HVAC System Heating Natural Gas": 1, "HVAC System Shared Electricity": 1, "HVAC System Heating Electricity": 1}}, {"name": "HVAC System Is Heat Pump", "require": {"HVAC System Heat Pump": 1, "HVAC System Cooling": 1, "HVAC System Heating Fuel Oil": 1, "HVAC System Heating Propane": 1, "HVAC System Heating Natural Gas": 1, "HVAC System Heating Electricity": 1}}, {"name": "Window Areas"}, {"name": "Clothes Washer"}, {"name": "Insulation Finished Roof"}, {"name": "Insulation Wall"}, {"name": "Insulation Slab"}, {"name": "Cooling Setpoint Offset Magnitude"}, {"name": "HVAC System Heating Fuel Oil"}, {"name": "Refrigerator"}, {"name": "Orientation"}, {"name": "HVAC System Shared Natural Gas"}, {"name": "Occupants"}, {"name": "Heating Setpoint"}, {"name": "Overhangs"}, {"name": "Dishwasher"}, {"name": "HVAC System Heating Propane"}, {"name": "Lighting", "require": {"Lighting Other Use": 1, "Lighting Interior Use": 1, "Holiday Lighting": 1}}, {"name": "Heating Setpoint Offset Period"}, {"name": "Clothes Washer Presence", "require": {"Clothes Washer": 1, "Clothes Dryer": 1}}, {"name": "Misc Gas Fireplace"}, {"name": "Clothes Dryer"}, {"name": "Water Heater"}, {"name": "Misc Pool Pump"}, {"name": "PV"}, {"name": "HVAC System Heating Natural Gas"}, {"name": "Misc Extra Refrigerator"}, {"name": "Location", "require": {"Cooling Setpoint Offset Period": 1, "Heating Setpoint Has Offset": 1, "Cooling Setpoint Offset Magnitude": 1, "Heating Setpoint Offset Period": 1, "Location Weather Filename": 1, "Heating Setpoint Offset Magnitude": 1, "Cooling Setpoint Has Offset": 1}}, {"name": "Plug Loads Schedule"}, {"name": "Location Weather Year", "require": {"Location Weather Filename": 1}}, {"name": "Neighbors"}, {"name": "Insulation Unfinished Attic"}, {"name": "Natural Ventilation"}, {"name": "Geometry Building Type ACS", "require": {"Geometry Building Number Units MF": 1, "Geometry Building Number Units SFA": 1, "Geometry Building Type RECS": 1}}, {"name": "Insulation Finished Basement"}, {"name": "Geometry House Size", "require": {"Bedrooms": 1}}, {"name": "Geometry Stories", "require": {"Geometry Building Number Units MF": 1, "Geometry Building Number Units SFA": 1}}, {"name": "Geometry Garage", "require": {"Geometry Foundation Type": 1}}, {"name": "Holiday Lighting"}, {"name": "Bathroom Spot Vent Hour"}, {"name": "Geometry Foundation Type", "require": {"Insulation Crawlspace": 1, "Insulation Pier Beam": 1, "Insulation Slab": 1, "Insulation Finished Basement": 1, "Insulation Unfinished Basement": 1}}, {"name": "Misc Well Pump"}, {"name": "Geometry Attic Type"}, {"name": "Refrigeration Schedule"}, {"name": "Cooling Setpoint"}, {"name": "Doors"}, {"name": "Location Weather Filename"}, {"name": "Roof Material"}, {"name": "Heating Setpoint Offset Magnitude"}, {"name": "Solar Hot Water"}, {"name": "Misc Pool", "require": {"Misc Pool Schedule": 1, "Misc Pool Pump": 1, "Misc Pool Heater": 1}}, {"name": "Misc Freezer"}, {"name": "Insulation Unfinished Basement"}, {"name": "Windows"}, {"name": "Misc Hot Tub Spa"}, {"name": "Insulation Interzonal Floor"}, {"name": "Geometry Building Type RECS", "require": {"Bedrooms": 1, "Geometry Wall Type": 1, "Occupants": 1, "Geometry Stories": 1, "Geometry Foundation Type": 1, "Geometry Attic Type": 1, "Misc Pool": 1, "Misc Hot Tub Spa": 1}}, {"name": "HVAC System Shared Electricity"}, {"name": "Misc Gas Grill"}, {"name": "Hot Water Distribution"}, {"name": "Misc Gas Lighting"}, {"name": "Cooling Setpoint Has Offset", "require": {"Cooling Setpoint Offset Period": 1, "Cooling Setpoint Offset Magnitude": 1}}, {"name": "HVAC System Heating Electricity"}, {"name": "HVAC System Is Shared", "require": {"HVAC System Shared Propane": 1, "HVAC System Heat Pump": 1, "HVAC System Shared Fuel Oil": 1, "HVAC System Cooling": 1, "HVAC System Heating Fuel Oil": 1, "HVAC System Shared Natural Gas": 1, "HVAC System Heating Propane": 1, "HVAC System Heating Natural Gas": 1, "HVAC System Shared Electricity": 1, "HVAC System Heating Electricity": 1}}, {"name": "Misc Pool Heater"}]}