{"packages": [{"name": "ASHRAE IECC Climate Zone 2004", "require": {"Cooling Setpoint": 1, "Cooling Setpoint Has Offset": 1, "Cooling Setpoint Offset Magnitude": 1, "Cooling Setpoint Offset Period": 1, "County": 1, "Geometry Foundation Type": 1, "HVAC Cooling Type": 1, "HVAC Heating Type": 1, "Heating Setpoint": 1, "Heating Setpoint Has Offset": 1, "Heating Setpoint Offset Magnitude": 1, "Heating Setpoint Offset Period": 1, "Infiltration": 1, "Windows": 1}}, {"name": "Bathroom Spot Vent Hour"}, {"name": "Bedrooms", "require": {"Occupants": 1}}, {"name": "Building America Climate Zone"}, {"name": "CEC Climate Zone"}, {"name": "Ceiling Fan"}, {"name": "Census Division", "require": {"Census Region": 1}}, {"name": "Census Division RECS", "require": {"Lighting": 1, "Plug Loads": 1}}, {"name": "Census Region"}, {"name": "Clothes Dryer"}, {"name": "Clothes Washer"}, {"name": "Clothes Washer Presence", "require": {"Clothes Dryer": 1, "Clothes Washer": 1}}, {"name": "Cooking Range"}, {"name": "Cooling Setpoint"}, {"name": "Cooling Setpoint Has Offset", "require": {"Cooling Setpoint Offset Magnitude": 1, "Cooling Setpoint Offset Period": 1}}, {"name": "Cooling Setpoint Offset Magnitude"}, {"name": "Cooling Setpoint Offset Period"}, {"name": "Corridor"}, {"name": "County", "require": {"AHS Region": 1, "Building America Climate Zone": 1, "ISO RTO Region": 1, "PUMA": 1, "REEDS Balancing Area": 1, "State": 1}}, {"name": "Dehumidifier"}, {"name": "Dishwasher"}, {"name": "Door Area"}, {"name": "Doors"}, {"name": "Ducts"}, {"name": "Eaves"}, {"name": "Electric Vehicle"}, {"name": "Geometry Attic Type", "require": {"Insulation Ceiling": 1, "Insulation Roof": 1}}, {"name": "Geometry Building Horizontal Location MF"}, {"name": "Geometry Building Horizontal Location SFA"}, {"name": "Geometry Building Level MF"}, {"name": "Geometry Building Number Units MF", "require": {"Geometry Building Horizontal Location MF": 1}}, {"name": "Geometry Building Number Units SFA", "require": {"Geometry Building Horizontal Location SFA": 1}}, {"name": "Geometry Building Type ACS", "require": {"Geometry Building Number Units MF": 1, "Geometry Building Number Units SFA": 1, "Geometry Building Type RECS": 1, "Geometry Stories": 1, "Vintage": 1}}, {"name": "Geometry Building Type Height", "require": {"Window Areas": 1}}, {"name": "Geometry Building Type RECS", "require": {"Bedrooms": 1, "Clothes Dryer": 1, "Clothes Washer Presence": 1, "Cooling Setpoint": 1, "Cooling Setpoint Has Offset": 1, "Cooling Setpoint Offset Magnitude": 1, "Cooling Setpoint Offset Period": 1, "Corridor": 1, "Dishwasher": 1, "Ducts": 1, "Geometry Attic Type": 1, "Geometry Building Level MF": 1, "Geometry Building Type Height": 1, "Geometry Floor Area": 1, "Geometry Foundation Type": 1, "Geometry Garage": 1, "Geometry Wall Type": 1, "HVAC Cooling Type": 1, "HVAC Has Shared System": 1, "Heating Fuel": 1, "Heating Setpoint": 1, "Heating Setpoint Has Offset": 1, "Heating Setpoint Offset Magnitude": 1, "Heating Setpoint Offset Period": 1, "Insulation Floor": 1, "Insulation Foundation Wall": 1, "Insulation Slab": 1, "Lighting": 1, "Misc Extra Refrigerator": 1, "Misc Freezer": 1, "Misc Hot Tub Spa": 1, "Misc Pool": 1, "Neighbors": 1, "Occupants": 1, "Plug Loads": 1, "Radiant Barrier": 1, "Refrigerator": 1, "Roof Material": 1, "Vacancy Status": 1, "Water Heater Fuel": 1, "Water Heater In Unit": 1, "Windows": 1}}, {"name": "Geometry Floor Area", "require": {"Bedrooms": 1, "Geometry Floor Area Bin": 1, "Infiltration": 1}}, {"name": "Geometry Floor Area Bin", "require": {"Geometry Garage": 1, "Geometry Stories": 1}}, {"name": "Geometry Foundation Type", "require": {"Ducts": 1, "Geometry Garage": 1, "Insulation Floor": 1, "Insulation Foundation Wall": 1, "Insulation Slab": 1}}, {"name": "Geometry Garage"}, {"name": "Geometry Stories", "require": {"Geometry Building Horizontal Location MF": 1, "Geometry Building Level MF": 1, "Geometry Building Number Units MF": 1, "Geometry Building Type Height": 1, "Geometry Stories Low Rise": 1}}, {"name": "Geometry Stories Low Rise", "require": {"Geometry Attic Type": 1, "Geometry Garage": 1}}, {"name": "Geometry Wall Exterior Finish", "require": {"Geometry Wall Type And Exterior Finish": 1}}, {"name": "Geometry Wall Type", "require": {"Geometry Wall Exterior Finish": 1, "Geometry Wall Type And Exterior Finish": 1, "Insulation Wall": 1}}, {"name": "Geometry Wall Type And Exterior Finish"}, {"name": "HVAC Cooling Efficiency", "require": {"HVAC System Single Speed AC Airflow": 1, "HVAC System Single Speed AC Charge": 1}}, {"name": "HVAC Cooling Type", "require": {"Cooling Setpoint": 1, "HVAC Cooling Efficiency": 1, "HVAC Has Ducts": 1, "HVAC Has Shared System": 1}}, {"name": "HVAC Has Ducts", "require": {"Ducts": 1}}, {"name": "HVAC Has Shared System", "require": {"HVAC Cooling Efficiency": 1, "HVAC Heating Efficiency": 1, "HVAC Shared Efficiencies": 1}}, {"name": "HVAC Has Zonal Electric Heating", "require": {"Heating Setpoint": 1, "Heating Setpoint Has Offset": 1, "Heating Setpoint Offset Magnitude": 1, "Heating Setpoint Offset Period": 1}}, {"name": "HVAC Heating Efficiency", "require": {"HVAC Has Zonal Electric Heating": 1, "HVAC Heating Type And Fuel": 1, "HVAC System Single Speed ASHP Airflow": 1, "HVAC System Single Speed ASHP Charge": 1}}, {"name": "HVAC Heating Type", "require": {"HVAC Cooling Type": 1, "HVAC Has Ducts": 1, "HVAC Has Shared System": 1, "HVAC Heating Efficiency": 1}}, {"name": "HVAC Heating Type And Fuel"}, {"name": "HVAC Secondary Heating Efficiency"}, {"name": "HVAC Secondary Heating Type And Fuel"}, {"name": "HVAC Shared Efficiencies"}, {"name": "HVAC System Is Faulted", "require": {"HVAC System Single Speed AC Airflow": 1, "HVAC System Single Speed AC Charge": 1, "HVAC System Single Speed ASHP Airflow": 1, "HVAC System Single Speed ASHP Charge": 1}}, {"name": "HVAC System Single Speed AC Airflow"}, {"name": "HVAC System Single Speed AC Charge"}, {"name": "HVAC System Single Speed ASHP Airflow"}, {"name": "HVAC System Single Speed ASHP Charge"}, {"name": "Heating Fuel", "require": {"Clothes Dryer": 1, "Clothes Washer Presence": 1, "Cooking Range": 1, "HVAC Heating Efficiency": 1, "HVAC Heating Type": 1, "HVAC Heating Type And Fuel": 1, "HVAC Shared Efficiencies": 1, "Water Heater Fuel": 1}}, {"name": "Heating Setpoint"}, {"name": "Heating Setpoint Has Offset", "require": {"Heating Setpoint Offset Magnitude": 1, "Heating Setpoint Offset Period": 1}}, {"name": "Heating Setpoint Offset Magnitude"}, {"name": "Heating Setpoint Offset Period"}, {"name": "Holiday Lighting"}, {"name": "Hot Water Distribution"}, {"name": "Hot Water Fixtures"}, {"name": "ISO RTO Region"}, {"name": "Infiltration"}, {"name": "Insulation Ceiling"}, {"name": "Insulation Floor"}, {"name": "Insulation Foundation Wall"}, {"name": "Insulation Roof"}, {"name": "Insulation Slab"}, {"name": "Insulation Wall"}, {"name": "Interior Shading"}, {"name": "Lighting"}, {"name": "Lighting Interior Use"}, {"name": "Lighting Other Use"}, {"name": "Location Region", "require": {"Cooking Range": 1, "Dishwasher": 1, "Insulation Ceiling": 1, "Insulation Floor": 1, "Insulation Foundation Wall": 1, "Insulation Slab": 1, "Insulation Wall": 1, "Misc Freezer": 1, "Misc Hot Tub Spa": 1, "Misc Pool": 1, "Misc Pool Heater": 1, "Roof Material": 1, "Water Heater Efficiency": 1, "Water Heater Fuel": 1, "Water Heater In Unit": 1}}, {"name": "Mechanical Ventilation"}, {"name": "Misc Extra Refrigerator"}, {"name": "Misc Freezer"}, {"name": "Misc Gas Fireplace"}, {"name": "Misc Gas Grill"}, {"name": "Misc Gas Lighting"}, {"name": "Misc Hot Tub Spa"}, {"name": "Misc Pool", "require": {"Misc Pool Heater": 1, "Misc Pool Pump": 1}}, {"name": "Misc Pool Heater"}, {"name": "Misc Pool Pump"}, {"name": "Misc Well Pump"}, {"name": "Natural Ventilation"}, {"name": "Neighbors"}, {"name": "Occupants"}, {"name": "Orientation"}, {"name": "Overhangs"}, {"name": "PUMA", "require": {"CEC Climate Zone": 1, "Geometry Building Type ACS": 1, "Heating Fuel": 1, "Occupants": 1, "Vacancy Status": 1, "Vintage": 1}}, {"name": "PV"}, {"name": "Plug Load Diversity"}, {"name": "Plug Loads"}, {"name": "REEDS Balancing Area"}, {"name": "Radiant Barrier"}, {"name": "Range Spot Vent Hour"}, {"name": "Refrigerator"}, {"name": "Roof Material"}, {"name": "Schedules"}, {"name": "Setpoint Demand Response"}, {"name": "Solar Hot Water"}, {"name": "State", "require": {"Census Division": 1, "Census Division RECS": 1, "Geometry Wall Exterior Finish": 1, "Geometry Wall Type": 1, "Location Region": 1}}, {"name": "Usage Level", "require": {"Clothes Dryer": 1, "Clothes Washer": 1, "Cooking Range": 1, "Dishwasher": 1, "Hot Water Fixtures": 1, "Plug Load Diversity": 1}}, {"name": "Vacancy Status", "require": {"Ceiling Fan": 1, "Heating Setpoint": 1}}, {"name": "Vintage", "require": {"Ducts": 1, "Geometry Garage": 1, "HVAC Cooling Efficiency": 1, "HVAC Has Shared System": 1, "HVAC Heating Type": 1, "Heating Fuel": 1, "Hot Water Distribution": 1, "Infiltration": 1, "Insulation Ceiling": 1, "Insulation Floor": 1, "Insulation Foundation Wall": 1, "Insulation Slab": 1, "Insulation Wall": 1, "Vintage ACS": 1}}, {"name": "Vintage ACS", "require": {"Geometry Floor Area": 1, "Geometry Foundation Type": 1, "Geometry Stories": 1, "Geometry Wall Exterior Finish": 1, "Geometry Wall Type": 1, "HVAC Cooling Type": 1, "Water Heater In Unit": 1, "Windows": 1}}, {"name": "Water Heater Efficiency"}, {"name": "Water Heater Fuel", "require": {"Water Heater Efficiency": 1}}, {"name": "Water Heater In Unit"}, {"name": "Window Areas"}, {"name": "Windows"}, {"name": "buildstock"}]}