{"packages": [{"name": "Door Area"}, {"name": "Range Spot Vent Hour"}, {"name": "Eaves"}, {"name": "Vintage ACS", "require": {"Geometry House Size": 1}}, {"name": "Lighting Other Use"}, {"name": "Days Shifted"}, {"name": "Building America Climate Zone"}, {"name": "Plug Loads"}, {"name": "Corridor"}, {"name": "Insulation Crawlspace"}, {"name": "Cooking Range Schedule"}, {"name": "HVAC System Shared Other Fuel"}, {"name": "Ceiling Fan"}, {"name": "Dehumidifier"}, {"name": "Geometry Perimeter Footprint Ratio"}, {"name": "PUMA", "require": {"Vintage": 1, "Geometry Building Type ACS": 1}}, {"name": "HVAC System Shared Propane"}, {"name": "Cooling Setpoint Offset Period"}, {"name": "Hot Water Fixtures"}, {"name": "Infiltration"}, {"name": "Insulation Pier Beam"}, {"name": "Geometry Building Number Units HL"}, {"name": "HVAC System Heat Pump"}, {"name": "Ducts"}, {"name": "HVAC System Shared Fuel Oil"}, {"name": "Misc Pool Schedule"}, {"name": "Interior Shading"}, {"name": "Bedrooms", "require": {"Occupants": 1}}, {"name": "Heating Setpoint Has Offset", "require": {"Heating Setpoint Offset Period": 1, "Heating Setpoint Offset Magnitude": 1}}, {"name": "Radiant Barrier Unfinished Attic"}, {"name": "Geometry Building Number Units MF"}, {"name": "Geometry Wall Type", "require": {"Insulation Wall": 1}}, {"name": "HVAC System Heating None"}, {"name": "Electric Vehicle"}, {"name": "Geometry Building Number Units SFA"}, {"name": "Lighting Interior Use"}, {"name": "Cooking Range", "require": {"Cooking Range Schedule": 1}}, {"name": "HVAC System Cooling", "require": {"HVAC System Cooling Type": 1}}, {"name": "Heating Fuel", "require": {"HVAC System Shared Other Fuel": 1, "HVAC System Shared Propane": 1, "HVAC System Heat Pump": 1, "HVAC System Shared Fuel Oil": 1, "HVAC System Heating None": 1, "Cooking Range": 1, "HVAC System Cooling": 1, "HVAC System Is Heat Pump": 1, "HVAC System Heating Fuel Oil": 1, "HVAC System Shared Natural Gas": 1, "HVAC System Heating Propane": 1, "Clothes Dryer": 1, "Water Heater": 1, "HVAC System Heating Natural Gas": 1, "HVAC System Shared None": 1, "HVAC System Heating Other Fuel": 1, "HVAC System Shared Electricity": 1, "HVAC System Heating Electricity": 1, "HVAC System Is Shared": 1}}, {"name": "HVAC System Is Heat Pump", "require": {"HVAC System Heat Pump": 1, "HVAC System Heating None": 1, "HVAC System Cooling": 1, "HVAC System Heating Fuel Oil": 1, "HVAC System Heating Propane": 1, "HVAC System Heating Natural Gas": 1, "HVAC System Cooling Type": 1, "HVAC System Heating Other Fuel": 1, "HVAC System Heating Electricity": 1}}, {"name": "Window Areas"}, {"name": "Clothes Washer"}, {"name": "Insulation Finished Roof"}, {"name": "County", "require": {"Building America Climate Zone": 1, "PUMA": 1, "Location": 1, "State": 1, "ISO RTO Region": 1}}, {"name": "ASHRAE IECC Climate Zone 2004", "require": {"County": 1}}, {"name": "Insulation Wall"}, {"name": "Insulation Slab"}, {"name": "Cooling Setpoint Offset Magnitude"}, {"name": "HVAC System Heating Fuel Oil"}, {"name": "Refrigerator"}, {"name": "Vintage", "require": {"Vintage ACS": 1, "Insulation Crawlspace": 1, "HVAC System Shared Other Fuel": 1, "HVAC System Shared Propane": 1, "Infiltration": 1, "Insulation Pier Beam": 1, "Geometry Building Number Units HL": 1, "HVAC System Heat Pump": 1, "Ducts": 1, "HVAC System Shared Fuel Oil": 1, "HVAC System Heating None": 1, "HVAC System Cooling": 1, "Heating Fuel": 1, "HVAC System Is Heat Pump": 1, "Insulation Wall": 1, "Insulation Slab": 1, "HVAC System Heating Fuel Oil": 1, "HVAC System Shared Natural Gas": 1, "HVAC System Heating Propane": 1, "HVAC System Heating Natural Gas": 1, "HVAC System Shared None": 1, "Insulation Unfinished Attic": 1, "Insulation Finished Basement": 1, "Geometry Stories": 1, "Geometry Garage": 1, "HVAC System Heating Other Fuel": 1, "Insulation Unfinished Basement": 1, "Windows": 1, "Insulation Interzonal Floor": 1, "HVAC System Shared Electricity": 1, "Hot Water Distribution": 1, "HVAC System Heating Electricity": 1, "HVAC System Is Shared": 1}}, {"name": "Orientation"}, {"name": "HVAC System Shared Natural Gas"}, {"name": "Occupants"}, {"name": "Heating Setpoint"}, {"name": "Overhangs"}, {"name": "Dishwasher"}, {"name": "HVAC System Heating Propane"}, {"name": "Lighting"}, {"name": "Heating Setpoint Offset Period"}, {"name": "Clothes Washer Presence", "require": {"Clothes Washer": 1, "Clothes Dryer": 1}}, {"name": "Misc Gas Fireplace"}, {"name": "Clothes Dryer"}, {"name": "Water Heater"}, {"name": "Misc Pool Pump"}, {"name": "PV"}, {"name": "HVAC System Heating Natural Gas"}, {"name": "Misc Extra Refrigerator"}, {"name": "Location", "require": {"Geometry Perimeter Footprint Ratio": 1, "Cooling Setpoint Offset Period": 1, "Heating Setpoint Has Offset": 1, "Cooling Setpoint Offset Magnitude": 1, "Orientation": 1, "Heating Setpoint": 1, "Heating Setpoint Offset Period": 1, "Geometry House Size": 1, "Geometry Foundation Type": 1, "Cooling Setpoint": 1, "Location Weather Filename": 1, "Heating Setpoint Offset Magnitude": 1, "Cooling Setpoint Has Offset": 1}}, {"name": "HVAC System Shared None"}, {"name": "Plug Loads Schedule"}, {"name": "Location Weather Year", "require": {"Location Weather Filename": 1}}, {"name": "Neighbors"}, {"name": "Insulation Unfinished Attic"}, {"name": "State", "require": {"Heating Fuel": 1, "Census Division": 1, "Location Region": 1}}, {"name": "Natural Ventilation"}, {"name": "Geometry Building Type ACS", "require": {"Geometry Building Number Units HL": 1, "Geometry Building Number Units MF": 1, "Geometry Building Number Units SFA": 1, "Vintage": 1, "Geometry House Size": 1, "Geometry Building Type RECS": 1}}, {"name": "Insulation Finished Basement"}, {"name": "Geometry House Size", "require": {"Infiltration": 1, "Bedrooms": 1, "Geometry Stories": 1, "Geometry Garage": 1}}, {"name": "Geometry Stories", "require": {"Infiltration": 1, "Geometry Building Number Units MF": 1, "Geometry Building Number Units SFA": 1}}, {"name": "Geometry Garage"}, {"name": "Holiday Lighting"}, {"name": "Bathroom Spot Vent Hour"}, {"name": "Usage Level", "require": {"Plug Loads": 1, "Hot Water Fixtures": 1, "Cooking Range": 1, "Clothes Washer": 1, "Refrigerator": 1, "Dishwasher": 1, "Clothes Dryer": 1}}, {"name": "Geometry Foundation Type", "require": {"Insulation Crawlspace": 1, "Insulation Pier Beam": 1, "Ducts": 1, "Insulation Slab": 1, "Insulation Finished Basement": 1, "Insulation Unfinished Basement": 1}}, {"name": "Misc Well Pump"}, {"name": "Census Division", "require": {"Census Region": 1}}, {"name": "HVAC System Cooling Type"}, {"name": "Refrigeration Schedule"}, {"name": "Cooling Setpoint"}, {"name": "HVAC System Heating Other Fuel"}, {"name": "Doors"}, {"name": "Location Weather Filename"}, {"name": "Roof Material"}, {"name": "Heating Setpoint Offset Magnitude"}, {"name": "Solar Hot Water"}, {"name": "ISO RTO Region"}, {"name": "Misc Pool", "require": {"Misc Pool Pump": 1, "Misc Pool Heater": 1}}, {"name": "Misc Freezer"}, {"name": "Insulation Unfinished Basement"}, {"name": "Windows"}, {"name": "Census Region"}, {"name": "Misc Hot Tub Spa"}, {"name": "Insulation Interzonal Floor"}, {"name": "Geometry Building Type RECS", "require": {"Insulation Crawlspace": 1, "HVAC System Shared Other Fuel": 1, "Geometry Perimeter Footprint Ratio": 1, "HVAC System Shared Propane": 1, "Infiltration": 1, "Insulation Pier Beam": 1, "Ducts": 1, "HVAC System Shared Fuel Oil": 1, "Bedrooms": 1, "Geometry Wall Type": 1, "Heating Fuel": 1, "Insulation Finished Roof": 1, "Insulation Slab": 1, "Orientation": 1, "HVAC System Shared Natural Gas": 1, "Occupants": 1, "HVAC System Shared None": 1, "Neighbors": 1, "Insulation Finished Basement": 1, "Geometry Stories": 1, "Geometry Garage": 1, "Geometry Foundation Type": 1, "Misc Pool": 1, "Insulation Unfinished Basement": 1, "Windows": 1, "Misc Hot Tub Spa": 1, "HVAC System Shared Electricity": 1, "HVAC System Is Shared": 1}}, {"name": "HVAC System Shared Electricity"}, {"name": "Misc Gas Grill"}, {"name": "Hot Water Distribution"}, {"name": "Misc Gas Lighting"}, {"name": "Cooling Setpoint Has Offset", "require": {"Cooling Setpoint Offset Period": 1, "Cooling Setpoint Offset Magnitude": 1}}, {"name": "Location Region", "require": {"Insulation Crawlspace": 1, "Infiltration": 1, "Insulation Pier Beam": 1, "HVAC System Heat Pump": 1, "Geometry Wall Type": 1, "HVAC System Heating None": 1, "Cooking Range": 1, "HVAC System Cooling": 1, "HVAC System Is Heat Pump": 1, "Insulation Wall": 1, "Insulation Slab": 1, "HVAC System Heating Fuel Oil": 1, "HVAC System Heating Propane": 1, "Clothes Dryer": 1, "Water Heater": 1, "HVAC System Heating Natural Gas": 1, "Insulation Unfinished Attic": 1, "Insulation Finished Basement": 1, "HVAC System Heating Other Fuel": 1, "Misc Pool": 1, "Insulation Unfinished Basement": 1, "Windows": 1, "Misc Hot Tub Spa": 1, "Insulation Interzonal Floor": 1, "HVAC System Heating Electricity": 1, "Misc Pool Heater": 1}}, {"name": "HVAC System Heating Electricity"}, {"name": "HVAC System Is Shared", "require": {"HVAC System Shared Other Fuel": 1, "HVAC System Shared Propane": 1, "HVAC System Heat Pump": 1, "HVAC System Shared Fuel Oil": 1, "HVAC System Cooling": 1, "HVAC System Is Heat Pump": 1, "HVAC System Heating Fuel Oil": 1, "HVAC System Shared Natural Gas": 1, "HVAC System Heating Propane": 1, "HVAC System Heating Natural Gas": 1, "HVAC System Shared None": 1, "HVAC System Cooling Type": 1, "HVAC System Shared Electricity": 1, "HVAC System Heating Electricity": 1}}, {"name": "Misc Pool Heater"}]}