{"packages": [{"name": "Ceiling Fan"}, {"name": "Clothes Dryer"}, {"name": "Clothes Washer"}, {"name": "Cooking Range"}, {"name": "Cooling Setpoint"}, {"name": "Days Shifted"}, {"name": "Dehumidifier"}, {"name": "Dishwasher"}, {"name": "Door Area"}, {"name": "Doors"}, {"name": "Ducts"}, {"name": "Eaves"}, {"name": "Geometry Building  Number Units HL"}, {"name": "Geometry Building Floors", "require": {"Geometry Building Number Units MF": 1, "Geometry Building Number Units SFA": 1, "Infiltration": 1}}, {"name": "Geometry Building Number Units MF"}, {"name": "Geometry Building Number Units SFA"}, {"name": "Geometry Building Type FPL", "require": {"Geometry Building  Number Units HL": 1, "Geometry Building Number Units MF": 1, "Geometry Building Number Units SFA": 1, "Geometry Building Type": 1, "Geometry House Size": 1, "Heating Fuel": 1, "Location EPW": 1, "Vintage FPL": 1}}, {"name": "Geometry Building Type", "require": {"Ducts": 1, "Geometry Building Floors": 1, "Geometry Foundation Type": 1, "Geometry Garage": 1, "Geometry Is Multifamily Low Rise": 1, "Geometry Perimeter Footprint Ratio": 1, "Geometry Unit Stories MF": 1, "Geometry Unit Stories SF": 1, "HVAC System Is Shared": 1, "HVAC System Shared": 1, "Infiltration": 1, "Insulation Crawlspace": 1, "Insulation Finished Basement": 1, "Insulation Pier Beam": 1, "Insulation Slab": 1, "Insulation Unfinished Basement": 1, "Windows": 1}}, {"name": "Geometry Foundation Type", "require": {"Ducts": 1, "Insulation Crawlspace": 1, "Insulation Finished Basement": 1, "Insulation Pier Beam": 1, "Insulation Slab": 1, "Insulation Unfinished Basement": 1}}, {"name": "Geometry Garage"}, {"name": "Geometry House Size", "require": {"Geometry Building Floors": 1, "Geometry Garage": 1, "Geometry Unit Stories MF": 1, "Geometry Unit Stories SF": 1, "Infiltration": 1}}, {"name": "Geometry Is Multifamily Low Rise", "require": {"Geometry Nearest Neighbor LeftRight": 1, "Geometry Shared Walls MF": 1, "Geometry Shared Walls SFA": 1, "Orientation": 1}}, {"name": "Geometry Nearest Neighbor LeftRight"}, {"name": "Geometry Perimeter Footprint Ratio"}, {"name": "Geometry Shared Walls MF"}, {"name": "Geometry Shared Walls SFA"}, {"name": "Geometry Unit Stories MF"}, {"name": "Geometry Unit Stories SF"}, {"name": "Heating Fuel", "require": {"Clothes Dryer": 1, "Cooking Range": 1, "HVAC System Cooling": 1, "HVAC System Heating Electricity": 1, "HVAC System Heating Fuel Oil": 1, "HVAC System Heating Natural Gas": 1, "HVAC System Heating None": 1, "HVAC System Heating Other Fuel": 1, "HVAC System Heating Propane": 1, "HVAC System Heatpump": 1, "HVAC System Is Heatpump": 1, "HVAC System Is Shared": 1, "HVAC System Shared": 1, "Water Heater": 1}}, {"name": "Heating Setpoint"}, {"name": "Hot Water Distribution"}, {"name": "Hot Water Fixtures"}, {"name": "HVAC System Cooling Type", "require": {"HVAC System Shared": 1}}, {"name": "HVAC System Cooling", "require": {"HVAC System Cooling Type": 1}}, {"name": "HVAC System Heating Electricity"}, {"name": "HVAC System Heating Fuel Oil"}, {"name": "HVAC System Heating Natural Gas"}, {"name": "HVAC System Heating None"}, {"name": "HVAC System Heating Other Fuel"}, {"name": "HVAC System Heating Propane"}, {"name": "HVAC System Heatpump"}, {"name": "HVAC System Is Heatpump", "require": {"HVAC System Cooling": 1, "HVAC System Heating Electricity": 1, "HVAC System Heating Fuel Oil": 1, "HVAC System Heating Natural Gas": 1, "HVAC System Heating None": 1, "HVAC System Heating Other Fuel": 1, "HVAC System Heating Propane": 1, "HVAC System Heatpump": 1}}, {"name": "HVAC System Is Shared", "require": {"HVAC System Cooling Type": 1, "HVAC System Cooling": 1, "HVAC System Heating Electricity": 1, "HVAC System Heating Fuel Oil": 1, "HVAC System Heating Natural Gas": 1, "HVAC System Heating Propane": 1, "HVAC System Is Heatpump": 1, "HVAC System Shared": 1}}, {"name": "HVAC System Shared"}, {"name": "Infiltration"}, {"name": "Insulation Crawlspace"}, {"name": "Insulation Finished Basement"}, {"name": "Insulation Finished Roof"}, {"name": "Insulation Interzonal Floor"}, {"name": "Insulation Pier Beam"}, {"name": "Insulation Slab"}, {"name": "Insulation Unfinished Attic"}, {"name": "Insulation Unfinished Basement"}, {"name": "Insulation Wall"}, {"name": "Lighting"}, {"name": "Location EPW", "require": {"Cooling Setpoint": 1, "Geometry Foundation Type": 1, "Geometry House Size": 1, "Geometry Perimeter Footprint Ratio": 1, "Heating Fuel": 1, "Heating Setpoint": 1, "Location Region": 1, "Orientation": 1, "Vintage FPL": 1, "Vintage": 1}}, {"name": "Location Region", "require": {"Clothes Dryer": 1, "Cooking Range": 1, "HVAC System Cooling": 1, "HVAC System Heating Electricity": 1, "HVAC System Heating Fuel Oil": 1, "HVAC System Heating Natural Gas": 1, "HVAC System Heating None": 1, "HVAC System Heating Other Fuel": 1, "HVAC System Heating Propane": 1, "HVAC System Heatpump": 1, "HVAC System Is Heatpump": 1, "Infiltration": 1, "Insulation Crawlspace": 1, "Insulation Finished Basement": 1, "Insulation Interzonal Floor": 1, "Insulation Pier Beam": 1, "Insulation Slab": 1, "Insulation Unfinished Attic": 1, "Insulation Unfinished Basement": 1, "Insulation Wall": 1, "Water Heater": 1, "Windows": 1}}, {"name": "Mechanical Ventilation"}, {"name": "Misc Extra Refrigerator"}, {"name": "Misc Freezer"}, {"name": "Misc Gas Fireplace"}, {"name": "Misc Gas Grill"}, {"name": "Misc Gas Lighting"}, {"name": "Misc Hot Tub Spa"}, {"name": "Misc Pool"}, {"name": "Misc Well Pump"}, {"name": "Natural Ventilation"}, {"name": "Occupants"}, {"name": "Orientation"}, {"name": "Overhangs"}, {"name": "Plug Loads"}, {"name": "PV"}, {"name": "Range Spot Vent Hour"}, {"name": "Refrigerator"}, {"name": "Roof Material"}, {"name": "Solar Hot Water"}, {"name": "Usage Level", "require": {"Clothes Dryer": 1, "Clothes Washer": 1, "Cooking Range": 1, "Dishwasher": 1, "Hot Water Fixtures": 1, "Plug Loads": 1, "Refrigerator": 1}}, {"name": "Vintage FPL", "require": {"Geometry House Size": 1, "Heating Fuel": 1, "Vintage": 1}}, {"name": "Vintage", "require": {"Ducts": 1, "Geometry Building  Number Units HL": 1, "Geometry Building Floors": 1, "Geometry Garage": 1, "Geometry Unit Stories MF": 1, "Geometry Unit Stories SF": 1, "Hot Water Distribution": 1, "HVAC System Cooling": 1, "HVAC System Heating Electricity": 1, "HVAC System Heating Fuel Oil": 1, "HVAC System Heating Natural Gas": 1, "HVAC System Heating None": 1, "HVAC System Heating Other Fuel": 1, "HVAC System Heating Propane": 1, "HVAC System Heatpump": 1, "HVAC System Is Heatpump": 1, "HVAC System Is Shared": 1, "HVAC System Shared": 1, "Infiltration": 1, "Insulation Crawlspace": 1, "Insulation Finished Basement": 1, "Insulation Interzonal Floor": 1, "Insulation Pier Beam": 1, "Insulation Slab": 1, "Insulation Unfinished Attic": 1, "Insulation Unfinished Basement": 1, "Insulation Wall": 1, "Windows": 1}}, {"name": "Water Heater"}, {"name": "Window Areas"}, {"name": "Windows"}]}