{"packages": [{"name": "Ceiling Fan"}, {"name": "Clothes Dryer", "require": {"Heating Fuel": 1, "Location Region": 1, "Usage Level": 1}}, {"name": "Clothes Washer", "require": {"Usage Level": 1}}, {"name": "Cooking Range", "require": {"Heating Fuel": 1, "Location Region": 1, "Usage Level": 1}}, {"name": "Cooling Setpoint", "require": {"Location EPW": 1}}, {"name": "Days Shifted"}, {"name": "Dehumidifier"}, {"name": "Dishwasher", "require": {"Usage Level": 1}}, {"name": "Door Area"}, {"name": "Doors"}, {"name": "Ducts", "require": {"Geometry Building Type": 1, "Geometry Foundation Type": 1, "Vintage": 1}}, {"name": "Eaves"}, {"name": "Geometry Building  Number Units HL", "require": {"Geometry Building Type FPL": 1, "Vintage": 1}}, {"name": "Geometry Building Floors", "require": {"Geometry Building Type": 1, "Geometry House Size": 1, "Vintage": 1}}, {"name": "Geometry Building Number Units MF", "require": {"Geometry Building Floors": 1, "Geometry Building Type FPL": 1}}, {"name": "Geometry Building Number Units SFA", "require": {"Geometry Building Floors": 1, "Geometry Building Type FPL": 1}}, {"name": "Geometry Building Type FPL"}, {"name": "Geometry Building Type", "require": {"Geometry Building Type FPL": 1}}, {"name": "Geometry Foundation Type", "require": {"Geometry Building Type": 1, "Location EPW": 1}}, {"name": "Geometry Garage", "require": {"Geometry Building Type": 1, "Geometry House Size": 1, "Vintage": 1}}, {"name": "Geometry House Size", "require": {"Geometry Building Type FPL": 1, "Location EPW": 1, "Vintage FPL": 1}}, {"name": "Geometry Is Multifamily Low Rise", "require": {"Geometry Building Type": 1}}, {"name": "Geometry Nearest Neighbor LeftRight", "require": {"Geometry Is Multifamily Low Rise": 1}}, {"name": "Geometry Perimeter Footprint Ratio", "require": {"Geometry Building Type": 1, "Location EPW": 1}}, {"name": "Geometry Shared Walls MF", "require": {"Geometry Is Multifamily Low Rise": 1}}, {"name": "Geometry Shared Walls SFA", "require": {"Geometry Is Multifamily Low Rise": 1}}, {"name": "Geometry Unit Stories MF", "require": {"Geometry Building Type": 1, "Geometry House Size": 1, "Vintage": 1}}, {"name": "Geometry Unit Stories SF", "require": {"Geometry Building Type": 1, "Geometry House Size": 1, "Vintage": 1}}, {"name": "Heating Fuel", "require": {"Geometry Building Type FPL": 1, "Location EPW": 1, "Vintage FPL": 1}}, {"name": "Heating Setpoint", "require": {"Location EPW": 1}}, {"name": "Hot Water Distribution", "require": {"Vintage": 1}}, {"name": "Hot Water Fixtures", "require": {"Usage Level": 1}}, {"name": "HVAC System Cooling Type", "require": {"HVAC System Cooling": 1, "HVAC System Is Shared": 1}}, {"name": "HVAC System Cooling", "require": {"Heating Fuel": 1, "HVAC System Is Heatpump": 1, "HVAC System Is Shared": 1, "Location Region": 1, "Vintage": 1}}, {"name": "HVAC System Heating Electricity", "require": {"Heating Fuel": 1, "HVAC System Is Heatpump": 1, "HVAC System Is Shared": 1, "Location Region": 1, "Vintage": 1}}, {"name": "HVAC System Heating Fuel Oil", "require": {"Heating Fuel": 1, "HVAC System Is Heatpump": 1, "HVAC System Is Shared": 1, "Location Region": 1, "Vintage": 1}}, {"name": "HVAC System Heating Natural Gas", "require": {"Heating Fuel": 1, "HVAC System Is Heatpump": 1, "HVAC System Is Shared": 1, "Location Region": 1, "Vintage": 1}}, {"name": "HVAC System Heating None", "require": {"Heating Fuel": 1, "HVAC System Is Heatpump": 1, "Location Region": 1, "Vintage": 1}}, {"name": "HVAC System Heating Other Fuel", "require": {"Heating Fuel": 1, "HVAC System Is Heatpump": 1, "Location Region": 1, "Vintage": 1}}, {"name": "HVAC System Heating Propane", "require": {"Heating Fuel": 1, "HVAC System Is Heatpump": 1, "HVAC System Is Shared": 1, "Location Region": 1, "Vintage": 1}}, {"name": "HVAC System Heatpump", "require": {"Heating Fuel": 1, "HVAC System Is Heatpump": 1, "Location Region": 1, "Vintage": 1}}, {"name": "HVAC System Is Heatpump", "require": {"Heating Fuel": 1, "HVAC System Is Shared": 1, "Location Region": 1, "Vintage": 1}}, {"name": "HVAC System Is Shared", "require": {"Geometry Building Type": 1, "Heating Fuel": 1, "Vintage": 1}}, {"name": "HVAC System Shared", "require": {"Geometry Building Type": 1, "Heating Fuel": 1, "HVAC System Cooling Type": 1, "HVAC System Is Shared": 1, "Vintage": 1}}, {"name": "Infiltration", "require": {"Geometry Building Floors": 1, "Geometry Building Type": 1, "Geometry House Size": 1, "Location Region": 1, "Vintage": 1}}, {"name": "Insulation Crawlspace", "require": {"Geometry Building Type": 1, "Geometry Foundation Type": 1, "Location Region": 1, "Vintage": 1}}, {"name": "Insulation Finished Basement", "require": {"Geometry Building Type": 1, "Geometry Foundation Type": 1, "Location Region": 1, "Vintage": 1}}, {"name": "Insulation Finished Roof"}, {"name": "Insulation Interzonal Floor", "require": {"Location Region": 1, "Vintage": 1}}, {"name": "Insulation Pier Beam", "require": {"Geometry Building Type": 1, "Geometry Foundation Type": 1, "Location Region": 1, "Vintage": 1}}, {"name": "Insulation Slab", "require": {"Geometry Building Type": 1, "Geometry Foundation Type": 1, "Location Region": 1, "Vintage": 1}}, {"name": "Insulation Unfinished Attic", "require": {"Location Region": 1, "Vintage": 1}}, {"name": "Insulation Unfinished Basement", "require": {"Geometry Building Type": 1, "Geometry Foundation Type": 1, "Location Region": 1, "Vintage": 1}}, {"name": "Insulation Wall", "require": {"Location Region": 1, "Vintage": 1}}, {"name": "Lighting"}, {"name": "Location EPW", "require": {"Geometry Building Type FPL": 1}}, {"name": "Location Region", "require": {"Location EPW": 1}}, {"name": "Mechanical Ventilation"}, {"name": "Misc Extra Refrigerator"}, {"name": "Misc Freezer"}, {"name": "Misc Gas Fireplace"}, {"name": "Misc Gas Grill"}, {"name": "Misc Gas Lighting"}, {"name": "Misc Hot Tub Spa"}, {"name": "Misc Pool"}, {"name": "Misc Well Pump"}, {"name": "Natural Ventilation"}, {"name": "Occupants"}, {"name": "Orientation", "require": {"Geometry Is Multifamily Low Rise": 1, "Location EPW": 1}}, {"name": "Overhangs"}, {"name": "Plug Loads", "require": {"Usage Level": 1}}, {"name": "PV"}, {"name": "Range Spot Vent Hour"}, {"name": "Refrigerator", "require": {"Usage Level": 1}}, {"name": "Roof Material"}, {"name": "Solar Hot Water"}, {"name": "Usage Level"}, {"name": "Vintage FPL", "require": {"Geometry Building Type FPL": 1, "Location EPW": 1}}, {"name": "Vintage", "require": {"Location EPW": 1, "Vintage FPL": 1}}, {"name": "Water Heater", "require": {"Heating Fuel": 1, "Location Region": 1}}, {"name": "Window Areas"}, {"name": "Windows", "require": {"Geometry Building Type": 1, "Location Region": 1, "Vintage": 1}}]}